
Microsoft Visual Studio Solution File, Format Version 12.00
# Visual Studio Version 16
VisualStudioVersion = 16.0.29519.87
MinimumVisualStudioVersion = 10.0.40219.1
Project("{FAE04EC0-301F-11D3-BF4B-00C04F79EFBC}") = "SimpleCAD", "SimpleCAD.csproj", "{4F7780A4-29B9-4CD0-9827-08A37CC9D07B}"
EndProject
Global
	GlobalSection(SolutionConfigurationPlatforms) = preSolution
		Debug|Any CPU = Debug|Any CPU
		Release|Any CPU = Release|Any CPU
	EndGlobalSection
	GlobalSection(ProjectConfigurationPlatforms) = postSolution
		{4F7780A4-29B9-4CD0-9827-08A37CC9D07B}.Debug|Any CPU.ActiveCfg = Debug|Any CPU
		{4F7780A4-29B9-4CD0-9827-08A37CC9D07B}.Debug|Any CPU.Build.0 = Debug|Any CPU
		{4F7780A4-29B9-4CD0-9827-08A37CC9D07B}.Release|Any CPU.ActiveCfg = Release|Any CPU
		{4F7780A4-29B9-4CD0-9827-08A37CC9D07B}.Release|Any CPU.Build.0 = Release|Any CPU
	EndGlobalSection
	GlobalSection(SolutionProperties) = preSolution
		HideSolutionNode = FALSE
	EndGlobalSection
	GlobalSection(ExtensibilityGlobals) = postSolution
		SolutionGuid = {CDF608A9-FA9D-44A0-A6F1-878C232D9B8E}
	EndGlobalSection
EndGlobal
